
Microsoft Visual Studio Solution File, Format Version 12.00
# Visual Studio 15
VisualStudioVersion = 15.0.27703.2042
MinimumVisualStudioVersion = 10.0.40219.1
Project("{9A19103F-16F7-4668-BE54-9A1E7A4F7556}") = "ECOMCupCake", "ECOMCupCake\ECOMCupCake.csproj", "{F9700B3B-D487-4B34-8F30-86EBE5C63318}"
EndProject
Project("{9A19103F-16F7-4668-BE54-9A1E7A4F7556}") = "ECOMCupCakeTests", "ECOMCupCakeTests\ECOMCupCakeTests.csproj", "{365DDDEF-C736-420D-925D-61667F9BB039}"
EndProject
Global
	GlobalSection(SolutionConfigurationPlatforms) = preSolution
		Debug|Any CPU = Debug|Any CPU
		Release|Any CPU = Release|Any CPU
	EndGlobalSection
	GlobalSection(ProjectConfigurationPlatforms) = postSolution
		{F9700B3B-D487-4B34-8F30-86EBE5C63318}.Debug|Any CPU.ActiveCfg = Debug|Any CPU
		{F9700B3B-D487-4B34-8F30-86EBE5C63318}.Debug|Any CPU.Build.0 = Debug|Any CPU
		{F9700B3B-D487-4B34-8F30-86EBE5C63318}.Release|Any CPU.ActiveCfg = Release|Any CPU
		{F9700B3B-D487-4B34-8F30-86EBE5C63318}.Release|Any CPU.Build.0 = Release|Any CPU
		{365DDDEF-C736-420D-925D-61667F9BB039}.Debug|Any CPU.ActiveCfg = Debug|Any CPU
		{365DDDEF-C736-420D-925D-61667F9BB039}.Debug|Any CPU.Build.0 = Debug|Any CPU
		{365DDDEF-C736-420D-925D-61667F9BB039}.Release|Any CPU.ActiveCfg = Release|Any CPU
		{365DDDEF-C736-420D-925D-61667F9BB039}.Release|Any CPU.Build.0 = Release|Any CPU
	EndGlobalSection
	GlobalSection(SolutionProperties) = preSolution
		HideSolutionNode = FALSE
	EndGlobalSection
	GlobalSection(ExtensibilityGlobals) = postSolution
		SolutionGuid = {B9AD60E4-68FE-42AB-8F27-68D611F7FEBE}
	EndGlobalSection
EndGlobal
